
Microsoft Visual Studio Solution File, Format Version 12.00
# Visual Studio 15
VisualStudioVersion = 15.0.28307.329
MinimumVisualStudioVersion = 10.0.40219.1
Project("{FAE04EC0-301F-11D3-BF4B-00C04F79EFBC}") = "GymLogin", "GymLogin\GymLogin.csproj", "{1E77CEE7-8CBC-470D-B23C-4EF0C1E5153D}"
EndProject
Project("{FAE04EC0-301F-11D3-BF4B-00C04F79EFBC}") = "GetPdfFromGym", "GetPdfFromGym\GetPdfFromGym.csproj", "{7BA2DAFD-18AF-4DD3-895E-82D371B72189}"
EndProject
Global
	GlobalSection(SolutionConfigurationPlatforms) = preSolution
		Debug|Any CPU = Debug|Any CPU
		Release|Any CPU = Release|Any CPU
	EndGlobalSection
	GlobalSection(ProjectConfigurationPlatforms) = postSolution
		{1E77CEE7-8CBC-470D-B23C-4EF0C1E5153D}.Debug|Any CPU.ActiveCfg = Debug|Any CPU
		{1E77CEE7-8CBC-470D-B23C-4EF0C1E5153D}.Debug|Any CPU.Build.0 = Debug|Any CPU
		{1E77CEE7-8CBC-470D-B23C-4EF0C1E5153D}.Release|Any CPU.ActiveCfg = Release|Any CPU
		{1E77CEE7-8CBC-470D-B23C-4EF0C1E5153D}.Release|Any CPU.Build.0 = Release|Any CPU
		{7BA2DAFD-18AF-4DD3-895E-82D371B72189}.Debug|Any CPU.ActiveCfg = Debug|Any CPU
		{7BA2DAFD-18AF-4DD3-895E-82D371B72189}.Debug|Any CPU.Build.0 = Debug|Any CPU
		{7BA2DAFD-18AF-4DD3-895E-82D371B72189}.Release|Any CPU.ActiveCfg = Release|Any CPU
		{7BA2DAFD-18AF-4DD3-895E-82D371B72189}.Release|Any CPU.Build.0 = Release|Any CPU
	EndGlobalSection
	GlobalSection(SolutionProperties) = preSolution
		HideSolutionNode = FALSE
	EndGlobalSection
	GlobalSection(ExtensibilityGlobals) = postSolution
		SolutionGuid = {B60379BF-3C11-477C-B1EA-499D0A6D1D42}
	EndGlobalSection
EndGlobal
